
Microsoft Visual Studio Solution File, Format Version 12.00
# Visual Studio Version 17
VisualStudioVersion = 17.3.32901.215
MinimumVisualStudioVersion = 10.0.40219.1
Project("{FAE04EC0-301F-11D3-BF4B-00C04F79EFBC}") = "Spreadsheet_Aidan_Griffin", "Spreadsheet_Aidan_Griffin\Spreadsheet_Aidan_Griffin.csproj", "{771533F2-7CF4-4E93-B789-26FAF074E4B6}"
EndProject
Project("{FAE04EC0-301F-11D3-BF4B-00C04F79EFBC}") = "SpreadsheetEngine", "SpreadsheetEngine\SpreadsheetEngine.csproj", "{01F41BCA-BC0D-45A4-B5B2-68820A330AB3}"
EndProject
Global
	GlobalSection(SolutionConfigurationPlatforms) = preSolution
		Debug|Any CPU = Debug|Any CPU
		Release|Any CPU = Release|Any CPU
	EndGlobalSection
	GlobalSection(ProjectConfigurationPlatforms) = postSolution
		{771533F2-7CF4-4E93-B789-26FAF074E4B6}.Debug|Any CPU.ActiveCfg = Debug|Any CPU
		{771533F2-7CF4-4E93-B789-26FAF074E4B6}.Debug|Any CPU.Build.0 = Debug|Any CPU
		{771533F2-7CF4-4E93-B789-26FAF074E4B6}.Release|Any CPU.ActiveCfg = Release|Any CPU
		{771533F2-7CF4-4E93-B789-26FAF074E4B6}.Release|Any CPU.Build.0 = Release|Any CPU
		{01F41BCA-BC0D-45A4-B5B2-68820A330AB3}.Debug|Any CPU.ActiveCfg = Debug|Any CPU
		{01F41BCA-BC0D-45A4-B5B2-68820A330AB3}.Debug|Any CPU.Build.0 = Debug|Any CPU
		{01F41BCA-BC0D-45A4-B5B2-68820A330AB3}.Release|Any CPU.ActiveCfg = Release|Any CPU
		{01F41BCA-BC0D-45A4-B5B2-68820A330AB3}.Release|Any CPU.Build.0 = Release|Any CPU
	EndGlobalSection
	GlobalSection(SolutionProperties) = preSolution
		HideSolutionNode = FALSE
	EndGlobalSection
	GlobalSection(ExtensibilityGlobals) = postSolution
		SolutionGuid = {8EA110AC-40B7-481C-BBC5-049EA3F8B3AA}
	EndGlobalSection
EndGlobal
