
Microsoft Visual Studio Solution File, Format Version 12.00
# Visual Studio Version 17
VisualStudioVersion = 17.3.32901.215
MinimumVisualStudioVersion = 10.0.40219.1
Project("{9A19103F-16F7-4668-BE54-9A1E7A4F7556}") = "Spreadsheet_Aidan_Griffin", "Spreadsheet_Aidan_Griffin\Spreadsheet_Aidan_Griffin.csproj", "{771533F2-7CF4-4E93-B789-26FAF074E4B6}"
EndProject
Project("{9A19103F-16F7-4668-BE54-9A1E7A4F7556}") = "SpreadsheetEngine", "SpreadsheetEngine\SpreadsheetEngine.csproj", "{01F41BCA-BC0D-45A4-B5B2-68820A330AB3}"
EndProject
Project("{2150E333-8FDC-42A3-9474-1A3956D46DE8}") = "Solution Items", "Solution Items", "{D9F01E10-6AE8-41A0-BC4E-148152AEA875}"
	ProjectSection(SolutionItems) = preProject
		.editorconfig = .editorconfig
	EndProjectSection
EndProject
Project("{9A19103F-16F7-4668-BE54-9A1E7A4F7556}") = "SpreadsheetEngineTests", "SpreadsheetEngineTests\SpreadsheetEngineTests.csproj", "{BE08D8F0-F7A6-422C-AED4-E57993426A8D}"
	ProjectSection(ProjectDependencies) = postProject
		{01F41BCA-BC0D-45A4-B5B2-68820A330AB3} = {01F41BCA-BC0D-45A4-B5B2-68820A330AB3}
		{771533F2-7CF4-4E93-B789-26FAF074E4B6} = {771533F2-7CF4-4E93-B789-26FAF074E4B6}
	EndProjectSection
EndProject
Project("{FAE04EC0-301F-11D3-BF4B-00C04F79EFBC}") = "ConsoleApp", "ConsoleApp\ConsoleApp.csproj", "{7B028A9F-F9AD-4B66-9079-FC6F3235EEA0}"
	ProjectSection(ProjectDependencies) = postProject
		{01F41BCA-BC0D-45A4-B5B2-68820A330AB3} = {01F41BCA-BC0D-45A4-B5B2-68820A330AB3}
	EndProjectSection
EndProject
Global
	GlobalSection(SolutionConfigurationPlatforms) = preSolution
		Debug|Any CPU = Debug|Any CPU
		Release|Any CPU = Release|Any CPU
	EndGlobalSection
	GlobalSection(ProjectConfigurationPlatforms) = postSolution
		{771533F2-7CF4-4E93-B789-26FAF074E4B6}.Debug|Any CPU.ActiveCfg = Debug|Any CPU
		{771533F2-7CF4-4E93-B789-26FAF074E4B6}.Debug|Any CPU.Build.0 = Debug|Any CPU
		{771533F2-7CF4-4E93-B789-26FAF074E4B6}.Release|Any CPU.ActiveCfg = Release|Any CPU
		{771533F2-7CF4-4E93-B789-26FAF074E4B6}.Release|Any CPU.Build.0 = Release|Any CPU
		{01F41BCA-BC0D-45A4-B5B2-68820A330AB3}.Debug|Any CPU.ActiveCfg = Debug|Any CPU
		{01F41BCA-BC0D-45A4-B5B2-68820A330AB3}.Debug|Any CPU.Build.0 = Debug|Any CPU
		{01F41BCA-BC0D-45A4-B5B2-68820A330AB3}.Release|Any CPU.ActiveCfg = Release|Any CPU
		{01F41BCA-BC0D-45A4-B5B2-68820A330AB3}.Release|Any CPU.Build.0 = Release|Any CPU
		{BE08D8F0-F7A6-422C-AED4-E57993426A8D}.Debug|Any CPU.ActiveCfg = Debug|Any CPU
		{BE08D8F0-F7A6-422C-AED4-E57993426A8D}.Debug|Any CPU.Build.0 = Debug|Any CPU
		{BE08D8F0-F7A6-422C-AED4-E57993426A8D}.Release|Any CPU.ActiveCfg = Release|Any CPU
		{BE08D8F0-F7A6-422C-AED4-E57993426A8D}.Release|Any CPU.Build.0 = Release|Any CPU
		{7B028A9F-F9AD-4B66-9079-FC6F3235EEA0}.Debug|Any CPU.ActiveCfg = Debug|Any CPU
		{7B028A9F-F9AD-4B66-9079-FC6F3235EEA0}.Debug|Any CPU.Build.0 = Debug|Any CPU
		{7B028A9F-F9AD-4B66-9079-FC6F3235EEA0}.Release|Any CPU.ActiveCfg = Release|Any CPU
		{7B028A9F-F9AD-4B66-9079-FC6F3235EEA0}.Release|Any CPU.Build.0 = Release|Any CPU
	EndGlobalSection
	GlobalSection(SolutionProperties) = preSolution
		HideSolutionNode = FALSE
	EndGlobalSection
	GlobalSection(ExtensibilityGlobals) = postSolution
		SolutionGuid = {8EA110AC-40B7-481C-BBC5-049EA3F8B3AA}
	EndGlobalSection
EndGlobal
